// !$*UTF8*$!
{
	archiveVersion = 1;
	classes = {
	};
	objectVersion = 46;
	objects = {

/* Begin PBXBuildFile section */
		8F0F2D911B449F43003805C4 /* main.m in Sources */ = {isa = PBXBuildFile; fileRef = 8F0F2D901B449F43003805C4 /* main.m */; };
		8F0F2D941B449F43003805C4 /* AppDelegate.m in Sources */ = {isa = PBXBuildFile; fileRef = 8F0F2D931B449F43003805C4 /* AppDelegate.m */; };
		8F0F2D971B449F43003805C4 /* ViewController.m in Sources */ = {isa = PBXBuildFile; fileRef = 8F0F2D961B449F43003805C4 /* ViewController.m */; };
		8F0F2D9A1B449F43003805C4 /* Main.storyboard in Resources */ = {isa = PBXBuildFile; fileRef = 8F0F2D981B449F43003805C4 /* Main.storyboard */; };
		8F0F2D9C1B449F43003805C4 /* Images.xcassets in Resources */ = {isa = PBXBuildFile; fileRef = 8F0F2D9B1B449F43003805C4 /* Images.xcassets */; };
		8F0F2D9F1B449F43003805C4 /* LaunchScreen.xib in Resources */ = {isa = PBXBuildFile; fileRef = 8F0F2D9D1B449F43003805C4 /* LaunchScreen.xib */; };
		8F0F2DAB1B449F43003805C4 /* ResearchKitExamplesTests.m in Sources */ = {isa = PBXBuildFile; fileRef = 8F0F2DAA1B449F43003805C4 /* ResearchKitExamplesTests.m */; };
		8F0F2DB61B44A52E003805C4 /* StepFactory.m in Sources */ = {isa = PBXBuildFile; fileRef = 8F0F2DB51B44A52E003805C4 /* StepFactory.m */; };
		8F0F2DB91B44B3BA003805C4 /* DocumentFactory.m in Sources */ = {isa = PBXBuildFile; fileRef = 8F0F2DB81B44B3BA003805C4 /* DocumentFactory.m */; };
		8F0F2DBC1B44BA6F003805C4 /* ActiveTaskFactory.m in Sources */ = {isa = PBXBuildFile; fileRef = 8F0F2DBB1B44BA6F003805C4 /* ActiveTaskFactory.m */; };
		8F8EC7031B978AD80091191B /* research_image.png in Resources */ = {isa = PBXBuildFile; fileRef = 8F8EC7021B978AD80091191B /* research_image.png */; };
		BE9631974852FD4ECE493F27 /* libPods.a in Frameworks */ = {isa = PBXBuildFile; fileRef = 0434907A6937931E61B6E335 /* libPods.a */; };
/* End PBXBuildFile section */

/* Begin PBXContainerItemProxy section */
		8F0F2DA51B449F43003805C4 /* PBXContainerItemProxy */ = {
			isa = PBXContainerItemProxy;
			containerPortal = 8F0F2D831B449F43003805C4 /* Project object */;
			proxyType = 1;
			remoteGlobalIDString = 8F0F2D8A1B449F43003805C4;
			remoteInfo = ResearchKitExamples;
		};
/* End PBXContainerItemProxy section */

/* Begin PBXFileReference section */
		0434907A6937931E61B6E335 /* libPods.a */ = {isa = PBXFileReference; explicitFileType = archive.ar; includeInIndex = 0; path = libPods.a; sourceTree = BUILT_PRODUCTS_DIR; };
		6C53806088256EB1DBFBD91D /* Pods.release.xcconfig */ = {isa = PBXFileReference; includeInIndex = 1; lastKnownFileType = text.xcconfig; name = Pods.release.xcconfig; path = "Pods/Target Support Files/Pods/Pods.release.xcconfig"; sourceTree = "<group>"; };
		8F0F2D8B1B449F43003805C4 /* ResearchKitExamples.app */ = {isa = PBXFileReference; explicitFileType = wrapper.application; includeInIndex = 0; path = ResearchKitExamples.app; sourceTree = BUILT_PRODUCTS_DIR; };
		8F0F2D8F1B449F43003805C4 /* Info.plist */ = {isa = PBXFileReference; lastKnownFileType = text.plist.xml; path = Info.plist; sourceTree = "<group>"; };
		8F0F2D901B449F43003805C4 /* main.m */ = {isa = PBXFileReference; lastKnownFileType = sourcecode.c.objc; path = main.m; sourceTree = "<group>"; };
		8F0F2D921B449F43003805C4 /* AppDelegate.h */ = {isa = PBXFileReference; lastKnownFileType = sourcecode.c.h; path = AppDelegate.h; sourceTree = "<group>"; };
		8F0F2D931B449F43003805C4 /* AppDelegate.m */ = {isa = PBXFileReference; lastKnownFileType = sourcecode.c.objc; path = AppDelegate.m; sourceTree = "<group>"; };
		8F0F2D951B449F43003805C4 /* ViewController.h */ = {isa = PBXFileReference; lastKnownFileType = sourcecode.c.h; path = ViewController.h; sourceTree = "<group>"; };
		8F0F2D961B449F43003805C4 /* ViewController.m */ = {isa = PBXFileReference; lastKnownFileType = sourcecode.c.objc; path = ViewController.m; sourceTree = "<group>"; };
		8F0F2D991B449F43003805C4 /* Base */ = {isa = PBXFileReference; lastKnownFileType = file.storyboard; name = Base; path = Base.lproj/Main.storyboard; sourceTree = "<group>"; };
		8F0F2D9B1B449F43003805C4 /* Images.xcassets */ = {isa = PBXFileReference; lastKnownFileType = folder.assetcatalog; path = Images.xcassets; sourceTree = "<group>"; };
		8F0F2D9E1B449F43003805C4 /* Base */ = {isa = PBXFileReference; lastKnownFileType = file.xib; name = Base; path = Base.lproj/LaunchScreen.xib; sourceTree = "<group>"; };
		8F0F2DA41B449F43003805C4 /* ResearchKitExamplesTests.xctest */ = {isa = PBXFileReference; explicitFileType = wrapper.cfbundle; includeInIndex = 0; path = ResearchKitExamplesTests.xctest; sourceTree = BUILT_PRODUCTS_DIR; };
		8F0F2DA91B449F43003805C4 /* Info.plist */ = {isa = PBXFileReference; lastKnownFileType = text.plist.xml; path = Info.plist; sourceTree = "<group>"; };
		8F0F2DAA1B449F43003805C4 /* ResearchKitExamplesTests.m */ = {isa = PBXFileReference; lastKnownFileType = sourcecode.c.objc; path = ResearchKitExamplesTests.m; sourceTree = "<group>"; };
		8F0F2DB41B44A52E003805C4 /* StepFactory.h */ = {isa = PBXFileReference; fileEncoding = 4; lastKnownFileType = sourcecode.c.h; path = StepFactory.h; sourceTree = "<group>"; };
		8F0F2DB51B44A52E003805C4 /* StepFactory.m */ = {isa = PBXFileReference; fileEncoding = 4; lastKnownFileType = sourcecode.c.objc; path = StepFactory.m; sourceTree = "<group>"; };
		8F0F2DB71B44B3BA003805C4 /* DocumentFactory.h */ = {isa = PBXFileReference; fileEncoding = 4; lastKnownFileType = sourcecode.c.h; path = DocumentFactory.h; sourceTree = "<group>"; };
		8F0F2DB81B44B3BA003805C4 /* DocumentFactory.m */ = {isa = PBXFileReference; fileEncoding = 4; lastKnownFileType = sourcecode.c.objc; path = DocumentFactory.m; sourceTree = "<group>"; };
		8F0F2DBA1B44BA6F003805C4 /* ActiveTaskFactory.h */ = {isa = PBXFileReference; fileEncoding = 4; lastKnownFileType = sourcecode.c.h; path = ActiveTaskFactory.h; sourceTree = "<group>"; };
		8F0F2DBB1B44BA6F003805C4 /* ActiveTaskFactory.m */ = {isa = PBXFileReference; fileEncoding = 4; lastKnownFileType = sourcecode.c.objc; path = ActiveTaskFactory.m; sourceTree = "<group>"; };
		8F8EC7021B978AD80091191B /* research_image.png */ = {isa = PBXFileReference; lastKnownFileType = image.png; path = research_image.png; sourceTree = "<group>"; };
		B9B135948302EB2F7E75F25F /* Pods.debug.xcconfig */ = {isa = PBXFileReference; includeInIndex = 1; lastKnownFileType = text.xcconfig; name = Pods.debug.xcconfig; path = "Pods/Target Support Files/Pods/Pods.debug.xcconfig"; sourceTree = "<group>"; };
/* End PBXFileReference section */

/* Begin PBXFrameworksBuildPhase section */
		8F0F2D881B449F43003805C4 /* Frameworks */ = {
			isa = PBXFrameworksBuildPhase;
			buildActionMask = 2147483647;
			files = (
				BE9631974852FD4ECE493F27 /* libPods.a in Frameworks */,
			);
			runOnlyForDeploymentPostprocessing = 0;
		};
		8F0F2DA11B449F43003805C4 /* Frameworks */ = {
			isa = PBXFrameworksBuildPhase;
			buildActionMask = 2147483647;
			files = (
			);
			runOnlyForDeploymentPostprocessing = 0;
		};
/* End PBXFrameworksBuildPhase section */

/* Begin PBXGroup section */
		4DEC7682934A438CA25DEC7F /* Frameworks */ = {
			isa = PBXGroup;
			children = (
				0434907A6937931E61B6E335 /* libPods.a */,
			);
			name = Frameworks;
			sourceTree = "<group>";
		};
		8F0F2D821B449F43003805C4 = {
			isa = PBXGroup;
			children = (
				8F0F2D8D1B449F43003805C4 /* ResearchKitExamples */,
				8F0F2DA71B449F43003805C4 /* ResearchKitExamplesTests */,
				8F0F2D8C1B449F43003805C4 /* Products */,
				DD5C23F78EDC029FA933ED5C /* Pods */,
				4DEC7682934A438CA25DEC7F /* Frameworks */,
			);
			sourceTree = "<group>";
		};
		8F0F2D8C1B449F43003805C4 /* Products */ = {
			isa = PBXGroup;
			children = (
				8F0F2D8B1B449F43003805C4 /* ResearchKitExamples.app */,
				8F0F2DA41B449F43003805C4 /* ResearchKitExamplesTests.xctest */,
			);
			name = Products;
			sourceTree = "<group>";
		};
		8F0F2D8D1B449F43003805C4 /* ResearchKitExamples */ = {
			isa = PBXGroup;
			children = (
				8F0F2D921B449F43003805C4 /* AppDelegate.h */,
				8F0F2D931B449F43003805C4 /* AppDelegate.m */,
				8F0F2D951B449F43003805C4 /* ViewController.h */,
				8F0F2D961B449F43003805C4 /* ViewController.m */,
				8F0F2D981B449F43003805C4 /* Main.storyboard */,
				8F0F2D9B1B449F43003805C4 /* Images.xcassets */,
				8F0F2D9D1B449F43003805C4 /* LaunchScreen.xib */,
				8F0F2D8E1B449F43003805C4 /* Supporting Files */,
				8F0F2DB41B44A52E003805C4 /* StepFactory.h */,
				8F0F2DB51B44A52E003805C4 /* StepFactory.m */,
				8F0F2DB71B44B3BA003805C4 /* DocumentFactory.h */,
				8F0F2DB81B44B3BA003805C4 /* DocumentFactory.m */,
				8F0F2DBA1B44BA6F003805C4 /* ActiveTaskFactory.h */,
				8F0F2DBB1B44BA6F003805C4 /* ActiveTaskFactory.m */,
				8F8EC7021B978AD80091191B /* research_image.png */,
			);
			path = ResearchKitExamples;
			sourceTree = "<group>";
		};
		8F0F2D8E1B449F43003805C4 /* Supporting Files */ = {
			isa = PBXGroup;
			children = (
				8F0F2D8F1B449F43003805C4 /* Info.plist */,
				8F0F2D901B449F43003805C4 /* main.m */,
			);
			name = "Supporting Files";
			sourceTree = "<group>";
		};
		8F0F2DA71B449F43003805C4 /* ResearchKitExamplesTests */ = {
			isa = PBXGroup;
			children = (
				8F0F2DAA1B449F43003805C4 /* ResearchKitExamplesTests.m */,
				8F0F2DA81B449F43003805C4 /* Supporting Files */,
			);
			path = ResearchKitExamplesTests;
			sourceTree = "<group>";
		};
		8F0F2DA81B449F43003805C4 /* Supporting Files */ = {
			isa = PBXGroup;
			children = (
				8F0F2DA91B449F43003805C4 /* Info.plist */,
			);
			name = "Supporting Files";
			sourceTree = "<group>";
		};
		DD5C23F78EDC029FA933ED5C /* Pods */ = {
			isa = PBXGroup;
			children = (
				B9B135948302EB2F7E75F25F /* Pods.debug.xcconfig */,
				6C53806088256EB1DBFBD91D /* Pods.release.xcconfig */,
			);
			name = Pods;
			sourceTree = "<group>";
		};
/* End PBXGroup section */

/* Begin PBXNativeTarget section */
		8F0F2D8A1B449F43003805C4 /* ResearchKitExamples */ = {
			isa = PBXNativeTarget;
			buildConfigurationList = 8F0F2DAE1B449F43003805C4 /* Build configuration list for PBXNativeTarget "ResearchKitExamples" */;
			buildPhases = (
				1D141C557B79CDF4557A3CD5 /* Check Pods Manifest.lock */,
				8F0F2D871B449F43003805C4 /* Sources */,
				8F0F2D881B449F43003805C4 /* Frameworks */,
				8F0F2D891B449F43003805C4 /* Resources */,
				FBE0BB26FFA6809AFE61780B /* Copy Pods Resources */,
			);
			buildRules = (
			);
			dependencies = (
			);
			name = ResearchKitExamples;
			productName = ResearchKitExamples;
			productReference = 8F0F2D8B1B449F43003805C4 /* ResearchKitExamples.app */;
			productType = "com.apple.product-type.application";
		};
		8F0F2DA31B449F43003805C4 /* ResearchKitExamplesTests */ = {
			isa = PBXNativeTarget;
			buildConfigurationList = 8F0F2DB11B449F43003805C4 /* Build configuration list for PBXNativeTarget "ResearchKitExamplesTests" */;
			buildPhases = (
				8F0F2DA01B449F43003805C4 /* Sources */,
				8F0F2DA11B449F43003805C4 /* Frameworks */,
				8F0F2DA21B449F43003805C4 /* Resources */,
			);
			buildRules = (
			);
			dependencies = (
				8F0F2DA61B449F43003805C4 /* PBXTargetDependency */,
			);
			name = ResearchKitExamplesTests;
			productName = ResearchKitExamplesTests;
			productReference = 8F0F2DA41B449F43003805C4 /* ResearchKitExamplesTests.xctest */;
			productType = "com.apple.product-type.bundle.unit-test";
		};
/* End PBXNativeTarget section */

/* Begin PBXProject section */
		8F0F2D831B449F43003805C4 /* Project object */ = {
			isa = PBXProject;
			attributes = {
				LastUpgradeCheck = 0630;
				ORGANIZATIONNAME = "Selim Bakdemir";
				TargetAttributes = {
					8F0F2D8A1B449F43003805C4 = {
						CreatedOnToolsVersion = 6.3;
					};
					8F0F2DA31B449F43003805C4 = {
						CreatedOnToolsVersion = 6.3;
						TestTargetID = 8F0F2D8A1B449F43003805C4;
					};
				};
			};
			buildConfigurationList = 8F0F2D861B449F43003805C4 /* Build configuration list for PBXProject "ResearchKitExamples" */;
			compatibilityVersion = "Xcode 3.2";
			developmentRegion = English;
			hasScannedForEncodings = 0;
			knownRegions = (
				en,
				Base,
			);
			mainGroup = 8F0F2D821B449F43003805C4;
			productRefGroup = 8F0F2D8C1B449F43003805C4 /* Products */;
			projectDirPath = "";
			projectRoot = "";
			targets = (
				8F0F2D8A1B449F43003805C4 /* ResearchKitExamples */,
				8F0F2DA31B449F43003805C4 /* ResearchKitExamplesTests */,
			);
		};
/* End PBXProject section */

/* Begin PBXResourcesBuildPhase section */
		8F0F2D891B449F43003805C4 /* Resources */ = {
			isa = PBXResourcesBuildPhase;
			buildActionMask = 2147483647;
			files = (
				8F8EC7031B978AD80091191B /* research_image.png in Resources */,
				8F0F2D9A1B449F43003805C4 /* Main.storyboard in Resources */,
				8F0F2D9F1B449F43003805C4 /* LaunchScreen.xib in Resources */,
				8F0F2D9C1B449F43003805C4 /* Images.xcassets in Resources */,
			);
			runOnlyForDeploymentPostprocessing = 0;
		};
		8F0F2DA21B449F43003805C4 /* Resources */ = {
			isa = PBXResourcesBuildPhase;
			buildActionMask = 2147483647;
			files = (
			);
			runOnlyForDeploymentPostprocessing = 0;
		};
/* End PBXResourcesBuildPhase section */

/* Begin PBXShellScriptBuildPhase section */
		1D141C557B79CDF4557A3CD5 /* Check Pods Manifest.lock */ = {
			isa = PBXShellScriptBuildPhase;
			buildActionMask = 2147483647;
			files = (
			);
			inputPaths = (
			);
			name = "Check Pods Manifest.lock";
			outputPaths = (
			);
			runOnlyForDeploymentPostprocessing = 0;
			shellPath = /bin/sh;
			shellScript = "diff \"${PODS_ROOT}/../Podfile.lock\" \"${PODS_ROOT}/Manifest.lock\" > /dev/null\nif [[ $? != 0 ]] ; then\n    cat << EOM\nerror: The sandbox is not in sync with the Podfile.lock. Run 'pod install' or update your CocoaPods installation.\nEOM\n    exit 1\nfi\n";
			showEnvVarsInLog = 0;
		};
		FBE0BB26FFA6809AFE61780B /* Copy Pods Resources */ = {
			isa = PBXShellScriptBuildPhase;
			buildActionMask = 2147483647;
			files = (
			);
			inputPaths = (
			);
			name = "Copy Pods Resources";
			outputPaths = (
			);
			runOnlyForDeploymentPostprocessing = 0;
			shellPath = /bin/sh;
			shellScript = "\"${SRCROOT}/Pods/Target Support Files/Pods/Pods-resources.sh\"\n";
			showEnvVarsInLog = 0;
		};
/* End PBXShellScriptBuildPhase section */

/* Begin PBXSourcesBuildPhase section */
		8F0F2D871B449F43003805C4 /* Sources */ = {
			isa = PBXSourcesBuildPhase;
			buildActionMask = 2147483647;
			files = (
				8F0F2DB91B44B3BA003805C4 /* DocumentFactory.m in Sources */,
				8F0F2DB61B44A52E003805C4 /* StepFactory.m in Sources */,
				8F0F2D971B449F43003805C4 /* ViewController.m in Sources */,
				8F0F2D941B449F43003805C4 /* AppDelegate.m in Sources */,
				8F0F2D911B449F43003805C4 /* main.m in Sources */,
				8F0F2DBC1B44BA6F003805C4 /* ActiveTaskFactory.m in Sources */,
			);
			runOnlyForDeploymentPostprocessing = 0;
		};
		8F0F2DA01B449F43003805C4 /* Sources */ = {
			isa = PBXSourcesBuildPhase;
			buildActionMask = 2147483647;
			files = (
				8F0F2DAB1B449F43003805C4 /* ResearchKitExamplesTests.m in Sources */,
			);
			runOnlyForDeploymentPostprocessing = 0;
		};
/* End PBXSourcesBuildPhase section */

/* Begin PBXTargetDependency section */
		8F0F2DA61B449F43003805C4 /* PBXTargetDependency */ = {
			isa = PBXTargetDependency;
			target = 8F0F2D8A1B449F43003805C4 /* ResearchKitExamples */;
			targetProxy = 8F0F2DA51B449F43003805C4 /* PBXContainerItemProxy */;
		};
/* End PBXTargetDependency section */

/* Begin PBXVariantGroup section */
		8F0F2D981B449F43003805C4 /* Main.storyboard */ = {
			isa = PBXVariantGroup;
			children = (
				8F0F2D991B449F43003805C4 /* Base */,
			);
			name = Main.storyboard;
			sourceTree = "<group>";
		};
		8F0F2D9D1B449F43003805C4 /* LaunchScreen.xib */ = {
			isa = PBXVariantGroup;
			children = (
				8F0F2D9E1B449F43003805C4 /* Base */,
			);
			name = LaunchScreen.xib;
			sourceTree = "<group>";
		};
/* End PBXVariantGroup section */

/* Begin XCBuildConfiguration section */
		8F0F2DAC1B449F43003805C4 /* Debug */ = {
			isa = XCBuildConfiguration;
			buildSettings = {
				ALWAYS_SEARCH_USER_PATHS = NO;
				CLANG_CXX_LANGUAGE_STANDARD = "gnu++0x";
				CLANG_CXX_LIBRARY = "libc++";
				CLANG_ENABLE_MODULES = YES;
				CLANG_ENABLE_OBJC_ARC = YES;
				CLANG_WARN_BOOL_CONVERSION = YES;
				CLANG_WARN_CONSTANT_CONVERSION = YES;
				CLANG_WARN_DIRECT_OBJC_ISA_USAGE = YES_ERROR;
				CLANG_WARN_EMPTY_BODY = YES;
				CLANG_WARN_ENUM_CONVERSION = YES;
				CLANG_WARN_INT_CONVERSION = YES;
				CLANG_WARN_OBJC_ROOT_CLASS = YES_ERROR;
				CLANG_WARN_UNREACHABLE_CODE = YES;
				CLANG_WARN__DUPLICATE_METHOD_MATCH = YES;
				"CODE_SIGN_IDENTITY[sdk=iphoneos*]" = "iPhone Developer";
				COPY_PHASE_STRIP = NO;
				DEBUG_INFORMATION_FORMAT = "dwarf-with-dsym";
				ENABLE_STRICT_OBJC_MSGSEND = YES;
				GCC_C_LANGUAGE_STANDARD = gnu99;
				GCC_DYNAMIC_NO_PIC = NO;
				GCC_NO_COMMON_BLOCKS = YES;
				GCC_OPTIMIZATION_LEVEL = 0;
				GCC_PREPROCESSOR_DEFINITIONS = (
					"DEBUG=1",
					"$(inherited)",
				);
				GCC_SYMBOLS_PRIVATE_EXTERN = NO;
				GCC_WARN_64_TO_32_BIT_CONVERSION = YES;
				GCC_WARN_ABOUT_RETURN_TYPE = YES_ERROR;
				GCC_WARN_UNDECLARED_SELECTOR = YES;
				GCC_WARN_UNINITIALIZED_AUTOS = YES_AGGRESSIVE;
				GCC_WARN_UNUSED_FUNCTION = YES;
				GCC_WARN_UNUSED_VARIABLE = YES;
				IPHONEOS_DEPLOYMENT_TARGET = 8.3;
				MTL_ENABLE_DEBUG_INFO = YES;
				ONLY_ACTIVE_ARCH = YES;
				SDKROOT = iphoneos;
				TARGETED_DEVICE_FAMILY = "1,2";
			};
			name = Debug;
		};
		8F0F2DAD1B449F43003805C4 /* Release */ = {
			isa = XCBuildConfiguration;
			buildSettings = {
				ALWAYS_SEARCH_USER_PATHS = NO;
				CLANG_CXX_LANGUAGE_STANDARD = "gnu++0x";
				CLANG_CXX_LIBRARY = "libc++";
				CLANG_ENABLE_MODULES = YES;
				CLANG_ENABLE_OBJC_ARC = YES;
				CLANG_WARN_BOOL_CONVERSION = YES;
				CLANG_WARN_CONSTANT_CONVERSION = YES;
				CLANG_WARN_DIRECT_OBJC_ISA_USAGE = YES_ERROR;
				CLANG_WARN_EMPTY_BODY = YES;
				CLANG_WARN_ENUM_CONVERSION = YES;
				CLANG_WARN_INT_CONVERSION = YES;
				CLANG_WARN_OBJC_ROOT_CLASS = YES_ERROR;
				CLANG_WARN_UNREACHABLE_CODE = YES;
				CLANG_WARN__DUPLICATE_METHOD_MATCH = YES;
				"CODE_SIGN_IDENTITY[sdk=iphoneos*]" = "iPhone Developer";
				COPY_PHASE_STRIP = NO;
				DEBUG_INFORMATION_FORMAT = "dwarf-with-dsym";
				ENABLE_NS_ASSERTIONS = NO;
				ENABLE_STRICT_OBJC_MSGSEND = YES;
				GCC_C_LANGUAGE_STANDARD = gnu99;
				GCC_NO_COMMON_BLOCKS = YES;
				GCC_WARN_64_TO_32_BIT_CONVERSION = YES;
				GCC_WARN_ABOUT_RETURN_TYPE = YES_ERROR;
				GCC_WARN_UNDECLARED_SELECTOR = YES;
				GCC_WARN_UNINITIALIZED_AUTOS = YES_AGGRESSIVE;
				GCC_WARN_UNUSED_FUNCTION = YES;
				GCC_WARN_UNUSED_VARIABLE = YES;
				IPHONEOS_DEPLOYMENT_TARGET = 8.3;
				MTL_ENABLE_DEBUG_INFO = NO;
				SDKROOT = iphoneos;
				TARGETED_DEVICE_FAMILY = "1,2";
				VALIDATE_PRODUCT = YES;
			};
			name = Release;
		};
		8F0F2DAF1B449F43003805C4 /* Debug */ = {
			isa = XCBuildConfiguration;
			baseConfigurationReference = B9B135948302EB2F7E75F25F /* Pods.debug.xcconfig */;
			buildSettings = {
				ASSETCATALOG_COMPILER_APPICON_NAME = AppIcon;
				INFOPLIST_FILE = ResearchKitExamples/Info.plist;
				LD_RUNPATH_SEARCH_PATHS = "$(inherited) @executable_path/Frameworks";
				PRODUCT_NAME = "$(TARGET_NAME)";
			};
			name = Debug;
		};
		8F0F2DB01B449F43003805C4 /* Release */ = {
			isa = XCBuildConfiguration;
			baseConfigurationReference = 6C53806088256EB1DBFBD91D /* Pods.release.xcconfig */;
			buildSettings = {
				ASSETCATALOG_COMPILER_APPICON_NAME = AppIcon;
				INFOPLIST_FILE = ResearchKitExamples/Info.plist;
				LD_RUNPATH_SEARCH_PATHS = "$(inherited) @executable_path/Frameworks";
				PRODUCT_NAME = "$(TARGET_NAME)";
			};
			name = Release;
		};
		8F0F2DB21B449F43003805C4 /* Debug */ = {
			isa = XCBuildConfiguration;
			buildSettings = {
				BUNDLE_LOADER = "$(TEST_HOST)";
				FRAMEWORK_SEARCH_PATHS = (
					"$(SDKROOT)/Developer/Library/Frameworks",
					"$(inherited)",
				);
				GCC_PREPROCESSOR_DEFINITIONS = (
					"DEBUG=1",
					"$(inherited)",
				);
				INFOPLIST_FILE = ResearchKitExamplesTests/Info.plist;
				LD_RUNPATH_SEARCH_PATHS = "$(inherited) @executable_path/Frameworks @loader_path/Frameworks";
				PRODUCT_NAME = "$(TARGET_NAME)";
				TEST_HOST = "$(BUILT_PRODUCTS_DIR)/ResearchKitExamples.app/ResearchKitExamples";
			};
			name = Debug;
		};
		8F0F2DB31B449F43003805C4 /* Release */ = {
			isa = XCBuildConfiguration;
			buildSettings = {
				BUNDLE_LOADER = "$(TEST_HOST)";
				FRAMEWORK_SEARCH_PATHS = (
					"$(SDKROOT)/Developer/Library/Frameworks",
					"$(inherited)",
				);
				INFOPLIST_FILE = ResearchKitExamplesTests/Info.plist;
				LD_RUNPATH_SEARCH_PATHS = "$(inherited) @executable_path/Frameworks @loader_path/Frameworks";
				PRODUCT_NAME = "$(TARGET_NAME)";
				TEST_HOST = "$(BUILT_PRODUCTS_DIR)/ResearchKitExamples.app/ResearchKitExamples";
			};
			name = Release;
		};
/* End XCBuildConfiguration section */

/* Begin XCConfigurationList section */
		8F0F2D861B449F43003805C4 /* Build configuration list for PBXProject "ResearchKitExamples" */ = {
			isa = XCConfigurationList;
			buildConfigurations = (
				8F0F2DAC1B449F43003805C4 /* Debug */,
				8F0F2DAD1B449F43003805C4 /* Release */,
			);
			defaultConfigurationIsVisible = 0;
			defaultConfigurationName = Release;
		};
		8F0F2DAE1B449F43003805C4 /* Build configuration list for PBXNativeTarget "ResearchKitExamples" */ = {
			isa = XCConfigurationList;
			buildConfigurations = (
				8F0F2DAF1B449F43003805C4 /* Debug */,
				8F0F2DB01B449F43003805C4 /* Release */,
			);
			defaultConfigurationIsVisible = 0;
			defaultConfigurationName = Release;
		};
		8F0F2DB11B449F43003805C4 /* Build configuration list for PBXNativeTarget "ResearchKitExamplesTests" */ = {
			isa = XCConfigurationList;
			buildConfigurations = (
				8F0F2DB21B449F43003805C4 /* Debug */,
				8F0F2DB31B449F43003805C4 /* Release */,
			);
			defaultConfigurationIsVisible = 0;
			defaultConfigurationName = Release;
		};
/* End XCConfigurationList section */
	};
	rootObject = 8F0F2D831B449F43003805C4 /* Project object */;
}
